// !$*UTF8*$!
{
	archiveVersion = 1;
	classes = {
	};
	objectVersion = 70;
	objects = {

/* Begin PBXBuildFile section */
		8827195C2D12492F00D606A4 /* ChatListView.swift in Sources */ = {isa = PBXBuildFile; fileRef = 8827195B2D12492900D606A4 /* ChatListView.swift */; };
		888FBBA92D01234900F45041 /* GameModel.swift in Sources */ = {isa = PBXBuildFile; fileRef = 888FBBA82D01234900F45041 /* GameModel.swift */; };
		888FBBAB2D01235200F45041 /* PlayerModel.swift in Sources */ = {isa = PBXBuildFile; fileRef = 888FBBAA2D01235200F45041 /* PlayerModel.swift */; };
		888FBBD92D014DEB00F45041 /* ChatGroupListView.swift in Sources */ = {isa = PBXBuildFile; fileRef = 888FBBD82D014DE900F45041 /* ChatGroupListView.swift */; };
		888FBBDB2D0154F200F45041 /* AddChatRelayView.swift in Sources */ = {isa = PBXBuildFile; fileRef = 888FBBDA2D0154E900F45041 /* AddChatRelayView.swift */; };
		888FBBDF2D029A6D00F45041 /* Group.swift in Sources */ = {isa = PBXBuildFile; fileRef = 888FBBDE2D029A6900F45041 /* Group.swift */; };
		888FBBE22D02AC8D00F45041 /* ChatMessage.swift in Sources */ = {isa = PBXBuildFile; fileRef = 888FBBE12D02AC8A00F45041 /* ChatMessage.swift */; };
		889316032CFEECF500A85EC3 /* RoundedCorners.swift in Sources */ = {isa = PBXBuildFile; fileRef = 889316022CFEECF100A85EC3 /* RoundedCorners.swift */; };
		889316052CFFDB2900A85EC3 /* PublicKeyMetadata.swift in Sources */ = {isa = PBXBuildFile; fileRef = 889316042CFFDB1E00A85EC3 /* PublicKeyMetadata.swift */; };
		88BF74B22D09241B0038D999 /* GroupMember.swift in Sources */ = {isa = PBXBuildFile; fileRef = 88BF74B12D0924130038D999 /* GroupMember.swift */; };
		88BF74B42D09242A0038D999 /* GroupAdmin.swift in Sources */ = {isa = PBXBuildFile; fileRef = 88BF74B32D0924270038D999 /* GroupAdmin.swift */; };
		88BF74C32D0FC3890038D999 /* ChatDetailView.swift in Sources */ = {isa = PBXBuildFile; fileRef = 88BF74C22D0FC3830038D999 /* ChatDetailView.swift */; };
		88BF74C52D0FC3A80038D999 /* AvatarImage.swift in Sources */ = {isa = PBXBuildFile; fileRef = 88BF74C42D0FC3A40038D999 /* AvatarImage.swift */; };
		88BF74C72D0FC3CA0038D999 /* GroupListRow.swift in Sources */ = {isa = PBXBuildFile; fileRef = 88BF74C62D0FC3C50038D999 /* GroupListRow.swift */; };
		88BF74C92D0FC3E20038D999 /* MessageBubble.swift in Sources */ = {isa = PBXBuildFile; fileRef = 88BF74C82D0FC3DD0038D999 /* MessageBubble.swift */; };
		88BF74CB2D0FC4300038D999 /* GroupPicture.swift in Sources */ = {isa = PBXBuildFile; fileRef = 88BF74CA2D0FC4260038D999 /* GroupPicture.swift */; };
		88BF74CD2D0FC47B0038D999 /* ChatMessageRow.swift in Sources */ = {isa = PBXBuildFile; fileRef = 88BF74CC2D0FC4770038D999 /* ChatMessageRow.swift */; };
		88BF74CF2D0FC4A50038D999 /* ChatReply.swift in Sources */ = {isa = PBXBuildFile; fileRef = 88BF74CE2D0FC49B0038D999 /* ChatReply.swift */; };
		88EFAAD02CF7EC6600E8C909 /* StartView.swift in Sources */ = {isa = PBXBuildFile; fileRef = 88EFAACF2CF7EC6200E8C909 /* StartView.swift */; };
		88EFAAD22CF7F38600E8C909 /* AddMetadataRelayView.swift in Sources */ = {isa = PBXBuildFile; fileRef = 88EFAAD12CF7F37E00E8C909 /* AddMetadataRelayView.swift */; };
		88EFAAD42CF7F39D00E8C909 /* AddAccountView.swift in Sources */ = {isa = PBXBuildFile; fileRef = 88EFAAD32CF7F39C00E8C909 /* AddAccountView.swift */; };
		88EFAAD62CF7FE6700E8C909 /* AppState.swift in Sources */ = {isa = PBXBuildFile; fileRef = 88EFAAD52CF7FE6100E8C909 /* AppState.swift */; };
		88EFAAD92CF80F5C00E8C909 /* KeychainAccess in Frameworks */ = {isa = PBXBuildFile; productRef = 88EFAAD82CF80F5C00E8C909 /* KeychainAccess */; };
		88EFAADB2CF8912500E8C909 /* OwnerAccount.swift in Sources */ = {isa = PBXBuildFile; fileRef = 88EFAADA2CF8911D00E8C909 /* OwnerAccount.swift */; };
		88EFAADD2CF8914500E8C909 /* Relay.swift in Sources */ = {isa = PBXBuildFile; fileRef = 88EFAADC2CF8914100E8C909 /* Relay.swift */; };
		88F92F632CBE3D0D00F9A089 /* Assets.xcassets in Resources */ = {isa = PBXBuildFile; fileRef = 88F92F622CBE3D0D00F9A089 /* Assets.xcassets */; };
		90B712802D0959CE001828BD /* DetailView.swift in Sources */ = {isa = PBXBuildFile; fileRef = 90B7127F2D0959C6001828BD /* DetailView.swift */; };
		913CFF4E2CDD8E9300422B27 /* DetailViewDepricated.swift in Sources */ = {isa = PBXBuildFile; fileRef = 913CFF472CDD8E9300422B27 /* DetailViewDepricated.swift */; };
		913CFF4F2CDD8E9300422B27 /* RoomList.swift in Sources */ = {isa = PBXBuildFile; fileRef = 913CFF3F2CDD8E9300422B27 /* RoomList.swift */; };
		913CFF502CDD8E9300422B27 /* SettingView.swift in Sources */ = {isa = PBXBuildFile; fileRef = 913CFF492CDD8E9300422B27 /* SettingView.swift */; };
		913CFF512CDD8E9300422B27 /* AddSpaceView.swift in Sources */ = {isa = PBXBuildFile; fileRef = 913CFF452CDD8E9300422B27 /* AddSpaceView.swift */; };
		913CFF522CDD8E9300422B27 /* WelcomeView.swift in Sources */ = {isa = PBXBuildFile; fileRef = 913CFF4B2CDD8E9300422B27 /* WelcomeView.swift */; };
		913CFF532CDD8E9300422B27 /* TimeLineView.swift in Sources */ = {isa = PBXBuildFile; fileRef = 913CFF4A2CDD8E9300422B27 /* TimeLineView.swift */; };
		913CFF542CDD8E9300422B27 /* HomeView.swift in Sources */ = {isa = PBXBuildFile; fileRef = 913CFF482CDD8E9300422B27 /* HomeView.swift */; };
		913CFF562CDD8E9300422B27 /* ContentView.swift in Sources */ = {isa = PBXBuildFile; fileRef = 913CFF462CDD8E9300422B27 /* ContentView.swift */; };
		913CFF572CDD8E9300422B27 /* TetraTabs.swift in Sources */ = {isa = PBXBuildFile; fileRef = 913CFF402CDD8E9300422B27 /* TetraTabs.swift */; };
		91FBE5562CC3762A00E5C709 /* NostrClient in Frameworks */ = {isa = PBXBuildFile; productRef = 91FBE5552CC3762A00E5C709 /* NostrClient */; };
		C310AA572BD1F2970098D2B8 /* Publisher+withPrevious.swift in Sources */ = {isa = PBXBuildFile; fileRef = C310AA562BD1F2970098D2B8 /* Publisher+withPrevious.swift */; };
		F50303DC2BD97752005EC512 /* GameSpace.swift in Sources */ = {isa = PBXBuildFile; fileRef = F50303DB2BD97752005EC512 /* GameSpace.swift */; };
		F5155FD42BD09B5D004F1CA1 /* TetraApp.swift in Sources */ = {isa = PBXBuildFile; fileRef = F5155FD32BD09B5D004F1CA1 /* TetraApp.swift */; };
		F5155FD82BD09B5D004F1CA1 /* AppModel.swift in Sources */ = {isa = PBXBuildFile; fileRef = F5155FD72BD09B5D004F1CA1 /* AppModel.swift */; };
		F5643AE02BD70C6E00FFF716 /* PhraseDeckView.swift in Sources */ = {isa = PBXBuildFile; fileRef = F5643ADF2BD70B2600FFF716 /* PhraseDeckView.swift */; };
		F5643AE22BD7191700FFF716 /* PhraseDeckPodiumView.swift in Sources */ = {isa = PBXBuildFile; fileRef = F5643AE12BD718D700FFF716 /* PhraseDeckPodiumView.swift */; };
		F5AF16242BD6FC7E008D168F /* SessionController+RemoteParticipantSynchronization.swift in Sources */ = {isa = PBXBuildFile; fileRef = F5AF16232BD6FC7E008D168F /* SessionController+RemoteParticipantSynchronization.swift */; };
		F5CF2A072BD1CD8A00C66F78 /* SessionController.swift in Sources */ = {isa = PBXBuildFile; fileRef = F5CF2A062BD1CD8A00C66F78 /* SessionController.swift */; };
		F5CF2A092BD1CF9600C66F78 /* TetraActivity.swift in Sources */ = {isa = PBXBuildFile; fileRef = F5CF2A082BD1CF9600C66F78 /* TetraActivity.swift */; };
/* End PBXBuildFile section */

/* Begin PBXFileReference section */
		475409EE5B8057AEF1677487 /* README.md */ = {isa = PBXFileReference; lastKnownFileType = net.daringfireball.markdown; path = README.md; sourceTree = "<group>"; };
		7688F8DEB562CE9A08724A7B /* LICENSE.txt */ = {isa = PBXFileReference; includeInIndex = 1; lastKnownFileType = text; path = LICENSE.txt; sourceTree = "<group>"; };
		8827195B2D12492900D606A4 /* ChatListView.swift */ = {isa = PBXFileReference; lastKnownFileType = sourcecode.swift; path = ChatListView.swift; sourceTree = "<group>"; };
		888FBBA82D01234900F45041 /* GameModel.swift */ = {isa = PBXFileReference; lastKnownFileType = sourcecode.swift; path = GameModel.swift; sourceTree = "<group>"; };
		888FBBAA2D01235200F45041 /* PlayerModel.swift */ = {isa = PBXFileReference; lastKnownFileType = sourcecode.swift; path = PlayerModel.swift; sourceTree = "<group>"; };
		888FBBD82D014DE900F45041 /* ChatGroupListView.swift */ = {isa = PBXFileReference; lastKnownFileType = sourcecode.swift; path = ChatGroupListView.swift; sourceTree = "<group>"; };
		888FBBDA2D0154E900F45041 /* AddChatRelayView.swift */ = {isa = PBXFileReference; lastKnownFileType = sourcecode.swift; path = AddChatRelayView.swift; sourceTree = "<group>"; };
		888FBBDE2D029A6900F45041 /* Group.swift */ = {isa = PBXFileReference; lastKnownFileType = sourcecode.swift; path = Group.swift; sourceTree = "<group>"; };
		888FBBE12D02AC8A00F45041 /* ChatMessage.swift */ = {isa = PBXFileReference; lastKnownFileType = sourcecode.swift; path = ChatMessage.swift; sourceTree = "<group>"; };
		889316022CFEECF100A85EC3 /* RoundedCorners.swift */ = {isa = PBXFileReference; lastKnownFileType = sourcecode.swift; path = RoundedCorners.swift; sourceTree = "<group>"; };
		889316042CFFDB1E00A85EC3 /* PublicKeyMetadata.swift */ = {isa = PBXFileReference; lastKnownFileType = sourcecode.swift; path = PublicKeyMetadata.swift; sourceTree = "<group>"; };
		88BF74B12D0924130038D999 /* GroupMember.swift */ = {isa = PBXFileReference; lastKnownFileType = sourcecode.swift; path = GroupMember.swift; sourceTree = "<group>"; };
		88BF74B32D0924270038D999 /* GroupAdmin.swift */ = {isa = PBXFileReference; lastKnownFileType = sourcecode.swift; path = GroupAdmin.swift; sourceTree = "<group>"; };
		88BF74C22D0FC3830038D999 /* ChatDetailView.swift */ = {isa = PBXFileReference; lastKnownFileType = sourcecode.swift; path = ChatDetailView.swift; sourceTree = "<group>"; };
		88BF74C42D0FC3A40038D999 /* AvatarImage.swift */ = {isa = PBXFileReference; lastKnownFileType = sourcecode.swift; path = AvatarImage.swift; sourceTree = "<group>"; };
		88BF74C62D0FC3C50038D999 /* GroupListRow.swift */ = {isa = PBXFileReference; lastKnownFileType = sourcecode.swift; path = GroupListRow.swift; sourceTree = "<group>"; };
		88BF74C82D0FC3DD0038D999 /* MessageBubble.swift */ = {isa = PBXFileReference; lastKnownFileType = sourcecode.swift; path = MessageBubble.swift; sourceTree = "<group>"; };
		88BF74CA2D0FC4260038D999 /* GroupPicture.swift */ = {isa = PBXFileReference; lastKnownFileType = sourcecode.swift; path = GroupPicture.swift; sourceTree = "<group>"; };
		88BF74CC2D0FC4770038D999 /* ChatMessageRow.swift */ = {isa = PBXFileReference; lastKnownFileType = sourcecode.swift; path = ChatMessageRow.swift; sourceTree = "<group>"; };
		88BF74CE2D0FC49B0038D999 /* ChatReply.swift */ = {isa = PBXFileReference; lastKnownFileType = sourcecode.swift; path = ChatReply.swift; sourceTree = "<group>"; };
		88EFAACF2CF7EC6200E8C909 /* StartView.swift */ = {isa = PBXFileReference; lastKnownFileType = sourcecode.swift; path = StartView.swift; sourceTree = "<group>"; };
		88EFAAD12CF7F37E00E8C909 /* AddMetadataRelayView.swift */ = {isa = PBXFileReference; lastKnownFileType = sourcecode.swift; path = AddMetadataRelayView.swift; sourceTree = "<group>"; };
		88EFAAD32CF7F39C00E8C909 /* AddAccountView.swift */ = {isa = PBXFileReference; lastKnownFileType = sourcecode.swift; path = AddAccountView.swift; sourceTree = "<group>"; };
		88EFAAD52CF7FE6100E8C909 /* AppState.swift */ = {isa = PBXFileReference; lastKnownFileType = sourcecode.swift; path = AppState.swift; sourceTree = "<group>"; };
		88EFAADA2CF8911D00E8C909 /* OwnerAccount.swift */ = {isa = PBXFileReference; lastKnownFileType = sourcecode.swift; path = OwnerAccount.swift; sourceTree = "<group>"; };
		88EFAADC2CF8914100E8C909 /* Relay.swift */ = {isa = PBXFileReference; lastKnownFileType = sourcecode.swift; path = Relay.swift; sourceTree = "<group>"; };
		88F92F622CBE3D0D00F9A089 /* Assets.xcassets */ = {isa = PBXFileReference; lastKnownFileType = folder.assetcatalog; path = Assets.xcassets; sourceTree = "<group>"; };
		90B7127F2D0959C6001828BD /* DetailView.swift */ = {isa = PBXFileReference; lastKnownFileType = sourcecode.swift; path = DetailView.swift; sourceTree = "<group>"; };
		913CFF3F2CDD8E9300422B27 /* RoomList.swift */ = {isa = PBXFileReference; lastKnownFileType = sourcecode.swift; path = RoomList.swift; sourceTree = "<group>"; };
		913CFF402CDD8E9300422B27 /* TetraTabs.swift */ = {isa = PBXFileReference; lastKnownFileType = sourcecode.swift; path = TetraTabs.swift; sourceTree = "<group>"; };
		913CFF452CDD8E9300422B27 /* AddSpaceView.swift */ = {isa = PBXFileReference; lastKnownFileType = sourcecode.swift; path = AddSpaceView.swift; sourceTree = "<group>"; };
		913CFF462CDD8E9300422B27 /* ContentView.swift */ = {isa = PBXFileReference; lastKnownFileType = sourcecode.swift; path = ContentView.swift; sourceTree = "<group>"; };
		913CFF472CDD8E9300422B27 /* DetailViewDepricated.swift */ = {isa = PBXFileReference; lastKnownFileType = sourcecode.swift; path = DetailViewDepricated.swift; sourceTree = "<group>"; };
		913CFF482CDD8E9300422B27 /* HomeView.swift */ = {isa = PBXFileReference; lastKnownFileType = sourcecode.swift; path = HomeView.swift; sourceTree = "<group>"; };
		913CFF492CDD8E9300422B27 /* SettingView.swift */ = {isa = PBXFileReference; lastKnownFileType = sourcecode.swift; path = SettingView.swift; sourceTree = "<group>"; };
		913CFF4A2CDD8E9300422B27 /* TimeLineView.swift */ = {isa = PBXFileReference; lastKnownFileType = sourcecode.swift; path = TimeLineView.swift; sourceTree = "<group>"; };
		913CFF4B2CDD8E9300422B27 /* WelcomeView.swift */ = {isa = PBXFileReference; lastKnownFileType = sourcecode.swift; path = WelcomeView.swift; sourceTree = "<group>"; };
		C310AA562BD1F2970098D2B8 /* Publisher+withPrevious.swift */ = {isa = PBXFileReference; lastKnownFileType = sourcecode.swift; path = "Publisher+withPrevious.swift"; sourceTree = "<group>"; };
		F1D93E542B451142BE1E50AB /* SampleCode.xcconfig */ = {isa = PBXFileReference; lastKnownFileType = text.xcconfig; name = SampleCode.xcconfig; path = Configuration/SampleCode.xcconfig; sourceTree = "<group>"; };
		F50303DB2BD97752005EC512 /* GameSpace.swift */ = {isa = PBXFileReference; lastKnownFileType = sourcecode.swift; path = GameSpace.swift; sourceTree = "<group>"; };
		F5155FCC2BD09B5D004F1CA1 /* Tetra.app */ = {isa = PBXFileReference; explicitFileType = wrapper.application; includeInIndex = 0; path = Tetra.app; sourceTree = BUILT_PRODUCTS_DIR; };
		F5155FD32BD09B5D004F1CA1 /* TetraApp.swift */ = {isa = PBXFileReference; lastKnownFileType = sourcecode.swift; path = TetraApp.swift; sourceTree = "<group>"; };
		F5155FD72BD09B5D004F1CA1 /* AppModel.swift */ = {isa = PBXFileReference; lastKnownFileType = sourcecode.swift; path = AppModel.swift; sourceTree = "<group>"; };
		F5155FE02BD09B5F004F1CA1 /* Info.plist */ = {isa = PBXFileReference; lastKnownFileType = text.plist.xml; path = Info.plist; sourceTree = "<group>"; };
		F5155FE62BD09BEB004F1CA1 /* Tetra.entitlements */ = {isa = PBXFileReference; lastKnownFileType = text.plist.entitlements; path = Tetra.entitlements; sourceTree = "<group>"; };
		F5643ADF2BD70B2600FFF716 /* PhraseDeckView.swift */ = {isa = PBXFileReference; lastKnownFileType = sourcecode.swift; path = PhraseDeckView.swift; sourceTree = "<group>"; };
		F5643AE12BD718D700FFF716 /* PhraseDeckPodiumView.swift */ = {isa = PBXFileReference; lastKnownFileType = sourcecode.swift; path = PhraseDeckPodiumView.swift; sourceTree = "<group>"; };
		F5AF16232BD6FC7E008D168F /* SessionController+RemoteParticipantSynchronization.swift */ = {isa = PBXFileReference; lastKnownFileType = sourcecode.swift; path = "SessionController+RemoteParticipantSynchronization.swift"; sourceTree = "<group>"; };
		F5CF2A062BD1CD8A00C66F78 /* SessionController.swift */ = {isa = PBXFileReference; lastKnownFileType = sourcecode.swift; path = SessionController.swift; sourceTree = "<group>"; };
		F5CF2A082BD1CF9600C66F78 /* TetraActivity.swift */ = {isa = PBXFileReference; lastKnownFileType = sourcecode.swift; path = TetraActivity.swift; sourceTree = "<group>"; };
/* End PBXFileReference section */

/* Begin PBXFileSystemSynchronizedRootGroup section */
		91FBE5592CC3A72D00E5C709 /* Nostr */ = {isa = PBXFileSystemSynchronizedRootGroup; explicitFileTypes = {}; explicitFolders = (); path = Nostr; sourceTree = "<group>"; };
/* End PBXFileSystemSynchronizedRootGroup section */

/* Begin PBXFrameworksBuildPhase section */
		F5155FC92BD09B5D004F1CA1 /* Frameworks */ = {
			isa = PBXFrameworksBuildPhase;
			buildActionMask = 2147483647;
			files = (
				88EFAAD92CF80F5C00E8C909 /* KeychainAccess in Frameworks */,
				91FBE5562CC3762A00E5C709 /* NostrClient in Frameworks */,
			);
			runOnlyForDeploymentPostprocessing = 0;
		};
/* End PBXFrameworksBuildPhase section */

/* Begin PBXGroup section */
		85B3F5EE87134CA42ACB3A8E /* Configuration */ = {
			isa = PBXGroup;
			children = (
				F1D93E542B451142BE1E50AB /* SampleCode.xcconfig */,
			);
			name = Configuration;
			sourceTree = "<group>";
		};
		88BF74C12D0FC3720038D999 /* Chat */ = {
			isa = PBXGroup;
			children = (
				88BF74CE2D0FC49B0038D999 /* ChatReply.swift */,
				88BF74CC2D0FC4770038D999 /* ChatMessageRow.swift */,
				88BF74CA2D0FC4260038D999 /* GroupPicture.swift */,
				88BF74C82D0FC3DD0038D999 /* MessageBubble.swift */,
				88BF74C62D0FC3C50038D999 /* GroupListRow.swift */,
				88BF74C42D0FC3A40038D999 /* AvatarImage.swift */,
				8827195B2D12492900D606A4 /* ChatListView.swift */,
				88BF74C22D0FC3830038D999 /* ChatDetailView.swift */,
			);
			path = Chat;
			sourceTree = "<group>";
		};
		913CFF412CDD8E9300422B27 /* Component */ = {
			isa = PBXGroup;
			children = (
				88BF74C12D0FC3720038D999 /* Chat */,
				889316022CFEECF100A85EC3 /* RoundedCorners.swift */,
				913CFF3F2CDD8E9300422B27 /* RoomList.swift */,
				913CFF402CDD8E9300422B27 /* TetraTabs.swift */,
			);
			path = Component;
			sourceTree = "<group>";
		};
		913CFF442CDD8E9300422B27 /* Shared */ = {
			isa = PBXGroup;
			children = (
				889316042CFFDB1E00A85EC3 /* PublicKeyMetadata.swift */,
				88EFAADC2CF8914100E8C909 /* Relay.swift */,
				88EFAADA2CF8911D00E8C909 /* OwnerAccount.swift */,
				888FBBDE2D029A6900F45041 /* Group.swift */,
				88BF74B12D0924130038D999 /* GroupMember.swift */,
				88BF74B32D0924270038D999 /* GroupAdmin.swift */,
				888FBBE12D02AC8A00F45041 /* ChatMessage.swift */,
				88EFAAD52CF7FE6100E8C909 /* AppState.swift */,
			);
			path = Shared;
			sourceTree = "<group>";
		};
		913CFF4C2CDD8E9300422B27 /* Window */ = {
			isa = PBXGroup;
			children = (
				913CFF442CDD8E9300422B27 /* Shared */,
				88EFAAD32CF7F39C00E8C909 /* AddAccountView.swift */,
				888FBBDA2D0154E900F45041 /* AddChatRelayView.swift */,
				88EFAAD12CF7F37E00E8C909 /* AddMetadataRelayView.swift */,
				913CFF452CDD8E9300422B27 /* AddSpaceView.swift */,
				888FBBD82D014DE900F45041 /* ChatGroupListView.swift */,
				913CFF462CDD8E9300422B27 /* ContentView.swift */,
				913CFF472CDD8E9300422B27 /* DetailViewDepricated.swift */,
				90B7127F2D0959C6001828BD /* DetailView.swift */,
				913CFF482CDD8E9300422B27 /* HomeView.swift */,
				913CFF492CDD8E9300422B27 /* SettingView.swift */,
				88EFAACF2CF7EC6200E8C909 /* StartView.swift */,
				913CFF4A2CDD8E9300422B27 /* TimeLineView.swift */,
				913CFF4B2CDD8E9300422B27 /* WelcomeView.swift */,
			);
			path = Window;
			sourceTree = "<group>";
		};
		913CFF4D2CDD8E9300422B27 /* Views */ = {
			isa = PBXGroup;
			children = (
				913CFF412CDD8E9300422B27 /* Component */,
				913CFF4C2CDD8E9300422B27 /* Window */,
			);
			path = Views;
			sourceTree = "<group>";
		};
		C310AA552BD1F2750098D2B8 /* Utilities */ = {
			isa = PBXGroup;
			children = (
				C310AA562BD1F2970098D2B8 /* Publisher+withPrevious.swift */,
			);
			path = Utilities;
			sourceTree = "<group>";
		};
		E729392C6332EF7AEF86125F /* LICENSE */ = {
			isa = PBXGroup;
			children = (
				7688F8DEB562CE9A08724A7B /* LICENSE.txt */,
			);
			name = LICENSE;
			path = .;
			sourceTree = "<group>";
		};
		F5155FC32BD09B5D004F1CA1 = {
			isa = PBXGroup;
			children = (
				475409EE5B8057AEF1677487 /* README.md */,
				F5155FCE2BD09B5D004F1CA1 /* Tetra */,
				F5155FCD2BD09B5D004F1CA1 /* Products */,
				85B3F5EE87134CA42ACB3A8E /* Configuration */,
				E729392C6332EF7AEF86125F /* LICENSE */,
			);
			sourceTree = "<group>";
		};
		F5155FCD2BD09B5D004F1CA1 /* Products */ = {
			isa = PBXGroup;
			children = (
				F5155FCC2BD09B5D004F1CA1 /* Tetra.app */,
			);
			name = Products;
			sourceTree = "<group>";
		};
		F5155FCE2BD09B5D004F1CA1 /* Tetra */ = {
			isa = PBXGroup;
			children = (
				913CFF4D2CDD8E9300422B27 /* Views */,
				91FBE5592CC3A72D00E5C709 /* Nostr */,
				F5155FD32BD09B5D004F1CA1 /* TetraApp.swift */,
				F5643ADE2BD70B0E00FFF716 /* ImmersiveSpace */,
				F5A044252BD5788500EDAAD5 /* Models */,
				F5A044262BD578BA00EDAAD5 /* GroupActivity */,
				C310AA552BD1F2750098D2B8 /* Utilities */,
				F54255CE2BD2DE07006B9A37 /* Resources */,
			);
			path = Tetra;
			sourceTree = "<group>";
		};
		F54255CE2BD2DE07006B9A37 /* Resources */ = {
			isa = PBXGroup;
			children = (
				F5155FE62BD09BEB004F1CA1 /* Tetra.entitlements */,
				F5155FE02BD09B5F004F1CA1 /* Info.plist */,
				88F92F622CBE3D0D00F9A089 /* Assets.xcassets */,
			);
			path = Resources;
			sourceTree = "<group>";
		};
		F5643ADE2BD70B0E00FFF716 /* ImmersiveSpace */ = {
			isa = PBXGroup;
			children = (
				F50303DB2BD97752005EC512 /* GameSpace.swift */,
				F5643AE12BD718D700FFF716 /* PhraseDeckPodiumView.swift */,
				F5643ADF2BD70B2600FFF716 /* PhraseDeckView.swift */,
			);
			path = ImmersiveSpace;
			sourceTree = "<group>";
		};
		F5A044252BD5788500EDAAD5 /* Models */ = {
			isa = PBXGroup;
			children = (
				888FBBAA2D01235200F45041 /* PlayerModel.swift */,
				888FBBA82D01234900F45041 /* GameModel.swift */,
				F5155FD72BD09B5D004F1CA1 /* AppModel.swift */,
			);
			path = Models;
			sourceTree = "<group>";
		};
		F5A044262BD578BA00EDAAD5 /* GroupActivity */ = {
			isa = PBXGroup;
			children = (
				F5CF2A062BD1CD8A00C66F78 /* SessionController.swift */,
				F5AF16232BD6FC7E008D168F /* SessionController+RemoteParticipantSynchronization.swift */,
				F5CF2A082BD1CF9600C66F78 /* TetraActivity.swift */,
			);
			path = GroupActivity;
			sourceTree = "<group>";
		};
/* End PBXGroup section */

/* Begin PBXNativeTarget section */
		F5155FCB2BD09B5D004F1CA1 /* Tetra */ = {
			isa = PBXNativeTarget;
			buildConfigurationList = F5155FE32BD09B5F004F1CA1 /* Build configuration list for PBXNativeTarget "Tetra" */;
			buildPhases = (
				F5155FC82BD09B5D004F1CA1 /* Sources */,
				F5155FC92BD09B5D004F1CA1 /* Frameworks */,
				F5155FCA2BD09B5D004F1CA1 /* Resources */,
			);
			buildRules = (
			);
			dependencies = (
			);
			fileSystemSynchronizedGroups = (
				91FBE5592CC3A72D00E5C709 /* Nostr */,
			);
			name = Tetra;
			productName = Tetra;
			productReference = F5155FCC2BD09B5D004F1CA1 /* Tetra.app */;
			productType = "com.apple.product-type.application";
		};
/* End PBXNativeTarget section */

/* Begin PBXProject section */
		F5155FC42BD09B5D004F1CA1 /* Project object */ = {
			isa = PBXProject;
			attributes = {
				BuildIndependentTargetsInParallel = 1;
				LastSwiftUpdateCheck = 1600;
				LastUpgradeCheck = 1600;
				ORGANIZATIONNAME = Apple;
				TargetAttributes = {
					F5155FCB2BD09B5D004F1CA1 = {
						CreatedOnToolsVersion = 16.0;
					};
				};
			};
			buildConfigurationList = F5155FC72BD09B5D004F1CA1 /* Build configuration list for PBXProject "Tetra" */;
			compatibilityVersion = "Xcode 14.0";
			developmentRegion = en;
			hasScannedForEncodings = 0;
			knownRegions = (
				en,
				Base,
			);
			mainGroup = F5155FC32BD09B5D004F1CA1;
			packageReferences = (
				91FBE5542CC3762A00E5C709 /* XCRemoteSwiftPackageReference "NostrClient" */,
				88EFAAD72CF80F5C00E8C909 /* XCRemoteSwiftPackageReference "KeychainAccess" */,
			);
			productRefGroup = F5155FCD2BD09B5D004F1CA1 /* Products */;
			projectDirPath = "";
			projectRoot = "";
			targets = (
				F5155FCB2BD09B5D004F1CA1 /* Tetra */,
			);
		};
/* End PBXProject section */

/* Begin PBXResourcesBuildPhase section */
		F5155FCA2BD09B5D004F1CA1 /* Resources */ = {
			isa = PBXResourcesBuildPhase;
			buildActionMask = 2147483647;
			files = (
				88F92F632CBE3D0D00F9A089 /* Assets.xcassets in Resources */,
			);
			runOnlyForDeploymentPostprocessing = 0;
		};
/* End PBXResourcesBuildPhase section */

/* Begin PBXSourcesBuildPhase section */
		F5155FC82BD09B5D004F1CA1 /* Sources */ = {
			isa = PBXSourcesBuildPhase;
			buildActionMask = 2147483647;
			files = (
				888FBBDF2D029A6D00F45041 /* Group.swift in Sources */,
				888FBBAB2D01235200F45041 /* PlayerModel.swift in Sources */,
				88EFAAD22CF7F38600E8C909 /* AddMetadataRelayView.swift in Sources */,
				F5155FD82BD09B5D004F1CA1 /* AppModel.swift in Sources */,
				F5AF16242BD6FC7E008D168F /* SessionController+RemoteParticipantSynchronization.swift in Sources */,
				88BF74B22D09241B0038D999 /* GroupMember.swift in Sources */,
				88BF74CF2D0FC4A50038D999 /* ChatReply.swift in Sources */,
				88BF74C52D0FC3A80038D999 /* AvatarImage.swift in Sources */,
				88BF74C92D0FC3E20038D999 /* MessageBubble.swift in Sources */,
				88BF74CD2D0FC47B0038D999 /* ChatMessageRow.swift in Sources */,
				889316032CFEECF500A85EC3 /* RoundedCorners.swift in Sources */,
				88EFAADD2CF8914500E8C909 /* Relay.swift in Sources */,
				88EFAAD02CF7EC6600E8C909 /* StartView.swift in Sources */,
				F5CF2A092BD1CF9600C66F78 /* TetraActivity.swift in Sources */,
				C310AA572BD1F2970098D2B8 /* Publisher+withPrevious.swift in Sources */,
				F50303DC2BD97752005EC512 /* GameSpace.swift in Sources */,
				F5643AE22BD7191700FFF716 /* PhraseDeckPodiumView.swift in Sources */,
				F5643AE02BD70C6E00FFF716 /* PhraseDeckView.swift in Sources */,
				8827195C2D12492F00D606A4 /* ChatListView.swift in Sources */,
				F5CF2A072BD1CD8A00C66F78 /* SessionController.swift in Sources */,
				888FBBA92D01234900F45041 /* GameModel.swift in Sources */,
				888FBBE22D02AC8D00F45041 /* ChatMessage.swift in Sources */,
				913CFF4E2CDD8E9300422B27 /* DetailView.swift in Sources */,
				88BF74C72D0FC3CA0038D999 /* GroupListRow.swift in Sources */,
				913CFF4F2CDD8E9300422B27 /* RoomList.swift in Sources */,
				913CFF502CDD8E9300422B27 /* SettingView.swift in Sources */,
				913CFF512CDD8E9300422B27 /* AddSpaceView.swift in Sources */,
				913CFF522CDD8E9300422B27 /* WelcomeView.swift in Sources */,
				90B712802D0959CE001828BD /* DetailView.swift in Sources */,
				88EFAAD42CF7F39D00E8C909 /* AddAccountView.swift in Sources */,
				913CFF532CDD8E9300422B27 /* TimeLineView.swift in Sources */,
				888FBBD92D014DEB00F45041 /* ChatGroupListView.swift in Sources */,
				88BF74C32D0FC3890038D999 /* ChatDetailView.swift in Sources */,
				888FBBDB2D0154F200F45041 /* AddChatRelayView.swift in Sources */,
				913CFF542CDD8E9300422B27 /* HomeView.swift in Sources */,
				88BF74B42D09242A0038D999 /* GroupAdmin.swift in Sources */,
				913CFF562CDD8E9300422B27 /* ContentView.swift in Sources */,
				889316052CFFDB2900A85EC3 /* PublicKeyMetadata.swift in Sources */,
				88EFAADB2CF8912500E8C909 /* OwnerAccount.swift in Sources */,
				88EFAAD62CF7FE6700E8C909 /* AppState.swift in Sources */,
				913CFF572CDD8E9300422B27 /* TetraTabs.swift in Sources */,
				88BF74CB2D0FC4300038D999 /* GroupPicture.swift in Sources */,
				F5155FD42BD09B5D004F1CA1 /* TetraApp.swift in Sources */,
			);
			runOnlyForDeploymentPostprocessing = 0;
		};
/* End PBXSourcesBuildPhase section */

/* Begin XCBuildConfiguration section */
		F5155FE12BD09B5F004F1CA1 /* Debug */ = {
			isa = XCBuildConfiguration;
			baseConfigurationReference = F1D93E542B451142BE1E50AB /* SampleCode.xcconfig */;
			buildSettings = {
				ALWAYS_SEARCH_USER_PATHS = NO;
				ASSETCATALOG_COMPILER_GENERATE_SWIFT_ASSET_SYMBOL_EXTENSIONS = YES;
				CLANG_ANALYZER_NONNULL = YES;
				CLANG_ANALYZER_NUMBER_OBJECT_CONVERSION = YES_AGGRESSIVE;
				CLANG_CXX_LANGUAGE_STANDARD = "gnu++20";
				CLANG_ENABLE_MODULES = YES;
				CLANG_ENABLE_OBJC_ARC = YES;
				CLANG_ENABLE_OBJC_WEAK = YES;
				CLANG_WARN_BLOCK_CAPTURE_AUTORELEASING = YES;
				CLANG_WARN_BOOL_CONVERSION = YES;
				CLANG_WARN_COMMA = YES;
				CLANG_WARN_CONSTANT_CONVERSION = YES;
				CLANG_WARN_DEPRECATED_OBJC_IMPLEMENTATIONS = YES;
				CLANG_WARN_DIRECT_OBJC_ISA_USAGE = YES_ERROR;
				CLANG_WARN_DOCUMENTATION_COMMENTS = YES;
				CLANG_WARN_EMPTY_BODY = YES;
				CLANG_WARN_ENUM_CONVERSION = YES;
				CLANG_WARN_INFINITE_RECURSION = YES;
				CLANG_WARN_INT_CONVERSION = YES;
				CLANG_WARN_NON_LITERAL_NULL_CONVERSION = YES;
				CLANG_WARN_OBJC_IMPLICIT_RETAIN_SELF = YES;
				CLANG_WARN_OBJC_LITERAL_CONVERSION = YES;
				CLANG_WARN_OBJC_ROOT_CLASS = YES_ERROR;
				CLANG_WARN_QUOTED_INCLUDE_IN_FRAMEWORK_HEADER = YES;
				CLANG_WARN_RANGE_LOOP_ANALYSIS = YES;
				CLANG_WARN_STRICT_PROTOTYPES = YES;
				CLANG_WARN_SUSPICIOUS_MOVE = YES;
				CLANG_WARN_UNGUARDED_AVAILABILITY = YES_AGGRESSIVE;
				CLANG_WARN_UNREACHABLE_CODE = YES;
				CLANG_WARN__DUPLICATE_METHOD_MATCH = YES;
				COPY_PHASE_STRIP = NO;
				DEBUG_INFORMATION_FORMAT = dwarf;
				ENABLE_STRICT_OBJC_MSGSEND = YES;
				ENABLE_TESTABILITY = YES;
				ENABLE_USER_SCRIPT_SANDBOXING = YES;
				GCC_C_LANGUAGE_STANDARD = gnu17;
				GCC_DYNAMIC_NO_PIC = NO;
				GCC_NO_COMMON_BLOCKS = YES;
				GCC_OPTIMIZATION_LEVEL = 0;
				GCC_PREPROCESSOR_DEFINITIONS = (
					"DEBUG=1",
					"$(inherited)",
				);
				GCC_WARN_64_TO_32_BIT_CONVERSION = YES;
				GCC_WARN_ABOUT_RETURN_TYPE = YES_ERROR;
				GCC_WARN_UNDECLARED_SELECTOR = YES;
				GCC_WARN_UNINITIALIZED_AUTOS = YES_AGGRESSIVE;
				GCC_WARN_UNUSED_FUNCTION = YES;
				GCC_WARN_UNUSED_VARIABLE = YES;
				LOCALIZATION_PREFERS_STRING_CATALOGS = YES;
				MTL_ENABLE_DEBUG_INFO = INCLUDE_SOURCE;
				MTL_FAST_MATH = YES;
				ONLY_ACTIVE_ARCH = YES;
				SDKROOT = xros;
				SWIFT_ACTIVE_COMPILATION_CONDITIONS = "DEBUG $(inherited)";
				SWIFT_OPTIMIZATION_LEVEL = "-Onone";
				XROS_DEPLOYMENT_TARGET = 2.0;
			};
			name = Debug;
		};
		F5155FE22BD09B5F004F1CA1 /* Release */ = {
			isa = XCBuildConfiguration;
			baseConfigurationReference = F1D93E542B451142BE1E50AB /* SampleCode.xcconfig */;
			buildSettings = {
				ALWAYS_SEARCH_USER_PATHS = NO;
				ASSETCATALOG_COMPILER_GENERATE_SWIFT_ASSET_SYMBOL_EXTENSIONS = YES;
				CLANG_ANALYZER_NONNULL = YES;
				CLANG_ANALYZER_NUMBER_OBJECT_CONVERSION = YES_AGGRESSIVE;
				CLANG_CXX_LANGUAGE_STANDARD = "gnu++20";
				CLANG_ENABLE_MODULES = YES;
				CLANG_ENABLE_OBJC_ARC = YES;
				CLANG_ENABLE_OBJC_WEAK = YES;
				CLANG_WARN_BLOCK_CAPTURE_AUTORELEASING = YES;
				CLANG_WARN_BOOL_CONVERSION = YES;
				CLANG_WARN_COMMA = YES;
				CLANG_WARN_CONSTANT_CONVERSION = YES;
				CLANG_WARN_DEPRECATED_OBJC_IMPLEMENTATIONS = YES;
				CLANG_WARN_DIRECT_OBJC_ISA_USAGE = YES_ERROR;
				CLANG_WARN_DOCUMENTATION_COMMENTS = YES;
				CLANG_WARN_EMPTY_BODY = YES;
				CLANG_WARN_ENUM_CONVERSION = YES;
				CLANG_WARN_INFINITE_RECURSION = YES;
				CLANG_WARN_INT_CONVERSION = YES;
				CLANG_WARN_NON_LITERAL_NULL_CONVERSION = YES;
				CLANG_WARN_OBJC_IMPLICIT_RETAIN_SELF = YES;
				CLANG_WARN_OBJC_LITERAL_CONVERSION = YES;
				CLANG_WARN_OBJC_ROOT_CLASS = YES_ERROR;
				CLANG_WARN_QUOTED_INCLUDE_IN_FRAMEWORK_HEADER = YES;
				CLANG_WARN_RANGE_LOOP_ANALYSIS = YES;
				CLANG_WARN_STRICT_PROTOTYPES = YES;
				CLANG_WARN_SUSPICIOUS_MOVE = YES;
				CLANG_WARN_UNGUARDED_AVAILABILITY = YES_AGGRESSIVE;
				CLANG_WARN_UNREACHABLE_CODE = YES;
				CLANG_WARN__DUPLICATE_METHOD_MATCH = YES;
				COPY_PHASE_STRIP = NO;
				DEBUG_INFORMATION_FORMAT = "dwarf-with-dsym";
				ENABLE_NS_ASSERTIONS = NO;
				ENABLE_STRICT_OBJC_MSGSEND = YES;
				ENABLE_USER_SCRIPT_SANDBOXING = YES;
				GCC_C_LANGUAGE_STANDARD = gnu17;
				GCC_NO_COMMON_BLOCKS = YES;
				GCC_WARN_64_TO_32_BIT_CONVERSION = YES;
				GCC_WARN_ABOUT_RETURN_TYPE = YES_ERROR;
				GCC_WARN_UNDECLARED_SELECTOR = YES;
				GCC_WARN_UNINITIALIZED_AUTOS = YES_AGGRESSIVE;
				GCC_WARN_UNUSED_FUNCTION = YES;
				GCC_WARN_UNUSED_VARIABLE = YES;
				LOCALIZATION_PREFERS_STRING_CATALOGS = YES;
				MTL_ENABLE_DEBUG_INFO = NO;
				MTL_FAST_MATH = YES;
				SDKROOT = xros;
				SWIFT_COMPILATION_MODE = wholemodule;
				VALIDATE_PRODUCT = YES;
				XROS_DEPLOYMENT_TARGET = 2.0;
			};
			name = Release;
		};
		F5155FE42BD09B5F004F1CA1 /* Debug */ = {
			isa = XCBuildConfiguration;
			baseConfigurationReference = F1D93E542B451142BE1E50AB /* SampleCode.xcconfig */;
			buildSettings = {
				ASSETCATALOG_COMPILER_APPICON_NAME = AppIcon;
				ASSETCATALOG_COMPILER_GLOBAL_ACCENT_COLOR_NAME = AccentColor;
				CODE_SIGN_ENTITLEMENTS = Tetra/Resources/Tetra.entitlements;
				CURRENT_PROJECT_VERSION = 1;
				DEVELOPMENT_ASSET_PATHS = "";
				DEVELOPMENT_TEAM = U5C32BLC73;
				ENABLE_PREVIEWS = YES;
				ENABLE_USER_SCRIPT_SANDBOXING = YES;
				GENERATE_INFOPLIST_FILE = YES;
				INFOPLIST_FILE = "$(TARGET_NAME)/Resources/Info.plist";
				INFOPLIST_KEY_CFBundleDisplayName = Tetra;
				LD_RUNPATH_SEARCH_PATHS = (
					"$(inherited)",
					"@executable_path/Frameworks",
				);
				MARKETING_VERSION = 1.0;
				PRODUCT_BUNDLE_IDENTIFIER = com.seinosuke.tetra;
				PRODUCT_NAME = "$(TARGET_NAME)";
				PROVISIONING_PROFILE_SPECIFIER = "";
				SDKROOT = xros;
				SUPPORTED_PLATFORMS = "xros xrsimulator";
				SWIFT_EMIT_LOC_STRINGS = YES;
				SWIFT_STRICT_CONCURRENCY = minimal;
				SWIFT_VERSION = 5.0;
				TARGETED_DEVICE_FAMILY = "1,2,7";
			};
			name = Debug;
		};
		F5155FE52BD09B5F004F1CA1 /* Release */ = {
			isa = XCBuildConfiguration;
			baseConfigurationReference = F1D93E542B451142BE1E50AB /* SampleCode.xcconfig */;
			buildSettings = {
				ASSETCATALOG_COMPILER_APPICON_NAME = AppIcon;
				ASSETCATALOG_COMPILER_GLOBAL_ACCENT_COLOR_NAME = AccentColor;
				CODE_SIGN_ENTITLEMENTS = Tetra/Resources/Tetra.entitlements;
				CURRENT_PROJECT_VERSION = 1;
				DEVELOPMENT_ASSET_PATHS = "";
				DEVELOPMENT_TEAM = U5C32BLC73;
				ENABLE_PREVIEWS = YES;
				ENABLE_USER_SCRIPT_SANDBOXING = YES;
				GENERATE_INFOPLIST_FILE = YES;
				INFOPLIST_FILE = "$(TARGET_NAME)/Resources/Info.plist";
				INFOPLIST_KEY_CFBundleDisplayName = Tetra;
				LD_RUNPATH_SEARCH_PATHS = (
					"$(inherited)",
					"@executable_path/Frameworks",
				);
				MARKETING_VERSION = 1.0;
				PRODUCT_BUNDLE_IDENTIFIER = com.seinosuke.tetra;
				PRODUCT_NAME = "$(TARGET_NAME)";
				PROVISIONING_PROFILE_SPECIFIER = "";
				SDKROOT = xros;
				SUPPORTED_PLATFORMS = "xros xrsimulator";
				SWIFT_EMIT_LOC_STRINGS = YES;
				SWIFT_STRICT_CONCURRENCY = minimal;
				SWIFT_VERSION = 5.0;
				TARGETED_DEVICE_FAMILY = "1,2,7";
			};
			name = Release;
		};
/* End XCBuildConfiguration section */

/* Begin XCConfigurationList section */
		F5155FC72BD09B5D004F1CA1 /* Build configuration list for PBXProject "Tetra" */ = {
			isa = XCConfigurationList;
			buildConfigurations = (
				F5155FE12BD09B5F004F1CA1 /* Debug */,
				F5155FE22BD09B5F004F1CA1 /* Release */,
			);
			defaultConfigurationIsVisible = 0;
			defaultConfigurationName = Release;
		};
		F5155FE32BD09B5F004F1CA1 /* Build configuration list for PBXNativeTarget "Tetra" */ = {
			isa = XCConfigurationList;
			buildConfigurations = (
				F5155FE42BD09B5F004F1CA1 /* Debug */,
				F5155FE52BD09B5F004F1CA1 /* Release */,
			);
			defaultConfigurationIsVisible = 0;
			defaultConfigurationName = Release;
		};
/* End XCConfigurationList section */

/* Begin XCRemoteSwiftPackageReference section */
		88EFAAD72CF80F5C00E8C909 /* XCRemoteSwiftPackageReference "KeychainAccess" */ = {
			isa = XCRemoteSwiftPackageReference;
			repositoryURL = "https://github.com/kishikawakatsumi/KeychainAccess.git";
			requirement = {
				branch = master;
				kind = branch;
			};
		};
		91FBE5542CC3762A00E5C709 /* XCRemoteSwiftPackageReference "NostrClient" */ = {
			isa = XCRemoteSwiftPackageReference;
			repositoryURL = "https://github.com/Galaxoid-Labs/NostrClient.git";
			requirement = {
				branch = main;
				kind = branch;
			};
		};
/* End XCRemoteSwiftPackageReference section */

/* Begin XCSwiftPackageProductDependency section */
		88EFAAD82CF80F5C00E8C909 /* KeychainAccess */ = {
			isa = XCSwiftPackageProductDependency;
			package = 88EFAAD72CF80F5C00E8C909 /* XCRemoteSwiftPackageReference "KeychainAccess" */;
			productName = KeychainAccess;
		};
		91FBE5552CC3762A00E5C709 /* NostrClient */ = {
			isa = XCSwiftPackageProductDependency;
			package = 91FBE5542CC3762A00E5C709 /* XCRemoteSwiftPackageReference "NostrClient" */;
			productName = NostrClient;
		};
/* End XCSwiftPackageProductDependency section */
	};
	rootObject = F5155FC42BD09B5D004F1CA1 /* Project object */;
}
