{
  "originHash" : "a1569f9895aa2be8e24832f98525d5da4eb90b5d158a82691c15b47eb72a13d7",
  "pins" : [
    {
      "identity" : "abseil-cpp-binary",
      "kind" : "remoteSourceControl",
      "location" : "https://github.com/google/abseil-cpp-binary.git",
      "state" : {
        "revision" : "194a6706acbd25e4ef639bcaddea16e8758a3e27",
        "version" : "1.2024011602.0"
      }
    },
    {
      "identity" : "app-check",
      "kind" : "remoteSourceControl",
      "location" : "https://github.com/google/app-check.git",
      "state" : {
        "revision" : "87dd288fc792bf9751e522e171a47df5b783b0b8",
        "version" : "11.1.0"
      }
    },
    {
      "identity" : "nostr",
      "kind" : "remoteSourceControl",
      "location" : "https://github.com/Galaxoid-Labs/Nostr.git",
      "state" : {
        "branch" : "main",
        "revision" : "a3f8aa04fc5bd492db126edc721ac9cd3f6fb2f7"
      }
    },
    {
      "identity" : "nostrclient",
      "kind" : "remoteSourceControl",
      "location" : "https://github.com/Galaxoid-Labs/NostrClient.git",
      "state" : {
        "branch" : "main",
        "revision" : "0e0c4fe1339aeae806c9b8eff208386796fb71aa"
      }
    },
    ...
  ],
  "version" : 3
}
